
Microsoft Visual Studio Solution File, Format Version 12.00
# Visual Studio Version 17
VisualStudioVersion = 17.7.34031.279
MinimumVisualStudioVersion = 10.0.40219.1
Project("{FAE04EC0-301F-11D3-BF4B-00C04F79EFBC}") = "CountClickLeftMouse", "CountClickLeftMouse\CountClickLeftMouse.csproj", "{4D4D8E50-2EFC-4751-B212-851D7B747F05}"
EndProject
Global
	GlobalSection(SolutionConfigurationPlatforms) = preSolution
		Debug|Any CPU = Debug|Any CPU
		Release|Any CPU = Release|Any CPU
	EndGlobalSection
	GlobalSection(ProjectConfigurationPlatforms) = postSolution
		{4D4D8E50-2EFC-4751-B212-851D7B747F05}.Debug|Any CPU.ActiveCfg = Debug|Any CPU
		{4D4D8E50-2EFC-4751-B212-851D7B747F05}.Debug|Any CPU.Build.0 = Debug|Any CPU
		{4D4D8E50-2EFC-4751-B212-851D7B747F05}.Release|Any CPU.ActiveCfg = Release|Any CPU
		{4D4D8E50-2EFC-4751-B212-851D7B747F05}.Release|Any CPU.Build.0 = Release|Any CPU
	EndGlobalSection
	GlobalSection(SolutionProperties) = preSolution
		HideSolutionNode = FALSE
	EndGlobalSection
	GlobalSection(ExtensibilityGlobals) = postSolution
		SolutionGuid = {A0DA10CC-8288-4C21-AA89-BA6D59012705}
	EndGlobalSection
EndGlobal
